
Microsoft Visual Studio Solution File, Format Version 12.00
# Visual Studio 15
VisualStudioVersion = 15.0.28307.757
MinimumVisualStudioVersion = 10.0.40219.1
Project("{FAE04EC0-301F-11D3-BF4B-00C04F79EFBC}") = "Group13SSIS", "Group13SSIS\Group13SSIS.csproj", "{AFD5A340-FAD9-441C-9F85-26D7166B43A9}"
EndProject
Global
	GlobalSection(SolutionConfigurationPlatforms) = preSolution
		Debug|Any CPU = Debug|Any CPU
		Release|Any CPU = Release|Any CPU
	EndGlobalSection
	GlobalSection(ProjectConfigurationPlatforms) = postSolution
		{AFD5A340-FAD9-441C-9F85-26D7166B43A9}.Debug|Any CPU.ActiveCfg = Debug|Any CPU
		{AFD5A340-FAD9-441C-9F85-26D7166B43A9}.Debug|Any CPU.Build.0 = Debug|Any CPU
		{AFD5A340-FAD9-441C-9F85-26D7166B43A9}.Release|Any CPU.ActiveCfg = Release|Any CPU
		{AFD5A340-FAD9-441C-9F85-26D7166B43A9}.Release|Any CPU.Build.0 = Release|Any CPU
	EndGlobalSection
	GlobalSection(SolutionProperties) = preSolution
		HideSolutionNode = FALSE
	EndGlobalSection
	GlobalSection(ExtensibilityGlobals) = postSolution
		SolutionGuid = {A30118D8-91E6-4A67-92EC-BAD02FB48AEF}
	EndGlobalSection
EndGlobal
